
Microsoft Visual Studio Solution File, Format Version 12.00
# Visual Studio 15
VisualStudioVersion = 15.0.26730.8
MinimumVisualStudioVersion = 10.0.40219.1
Project("{FAE04EC0-301F-11D3-BF4B-00C04F79EFBC}") = "Calculate", "Calculate\Calculate.csproj", "{69DAB6E2-29EF-482C-B15B-E068A8C701CE}"
EndProject
Project("{FAE04EC0-301F-11D3-BF4B-00C04F79EFBC}") = "CalculateTests", "CalculateTests\CalculateTests.csproj", "{C088F0AC-8749-4582-8F5D-589105EDA039}"
EndProject
Project("{FAE04EC0-301F-11D3-BF4B-00C04F79EFBC}") = "Test_2", "Test_2\Test_2.csproj", "{38112297-6CEB-44CF-A160-C43FD761043D}"
EndProject
Global
	GlobalSection(SolutionConfigurationPlatforms) = preSolution
		Debug|Any CPU = Debug|Any CPU
		Release|Any CPU = Release|Any CPU
	EndGlobalSection
	GlobalSection(ProjectConfigurationPlatforms) = postSolution
		{69DAB6E2-29EF-482C-B15B-E068A8C701CE}.Debug|Any CPU.ActiveCfg = Debug|Any CPU
		{69DAB6E2-29EF-482C-B15B-E068A8C701CE}.Debug|Any CPU.Build.0 = Debug|Any CPU
		{69DAB6E2-29EF-482C-B15B-E068A8C701CE}.Release|Any CPU.ActiveCfg = Release|Any CPU
		{69DAB6E2-29EF-482C-B15B-E068A8C701CE}.Release|Any CPU.Build.0 = Release|Any CPU
		{C088F0AC-8749-4582-8F5D-589105EDA039}.Debug|Any CPU.ActiveCfg = Debug|Any CPU
		{C088F0AC-8749-4582-8F5D-589105EDA039}.Debug|Any CPU.Build.0 = Debug|Any CPU
		{C088F0AC-8749-4582-8F5D-589105EDA039}.Release|Any CPU.ActiveCfg = Release|Any CPU
		{C088F0AC-8749-4582-8F5D-589105EDA039}.Release|Any CPU.Build.0 = Release|Any CPU
		{38112297-6CEB-44CF-A160-C43FD761043D}.Debug|Any CPU.ActiveCfg = Debug|Any CPU
		{38112297-6CEB-44CF-A160-C43FD761043D}.Debug|Any CPU.Build.0 = Debug|Any CPU
		{38112297-6CEB-44CF-A160-C43FD761043D}.Release|Any CPU.ActiveCfg = Release|Any CPU
		{38112297-6CEB-44CF-A160-C43FD761043D}.Release|Any CPU.Build.0 = Release|Any CPU
	EndGlobalSection
	GlobalSection(SolutionProperties) = preSolution
		HideSolutionNode = FALSE
	EndGlobalSection
	GlobalSection(ExtensibilityGlobals) = postSolution
		SolutionGuid = {C9FDADCB-D6AF-4197-9B22-E2C9FA0A0BF2}
	EndGlobalSection
EndGlobal
